
Microsoft Visual Studio Solution File, Format Version 12.00
# Visual Studio 15
VisualStudioVersion = 15.0.28307.421
MinimumVisualStudioVersion = 10.0.40219.1
Project("{FAE04EC0-301F-11D3-BF4B-00C04F79EFBC}") = "FileDeserializer", "FileDeserializer\FileDeserializer.csproj", "{D95D41D5-9E69-494D-8BF9-993945DFC314}"
EndProject
Project("{FAE04EC0-301F-11D3-BF4B-00C04F79EFBC}") = "FileDeserializerTests", "FileDeserializerTests\FileDeserializerTests.csproj", "{6BA20A8D-A84E-4EC2-AA3C-BD66FB477378}"
EndProject
Global
	GlobalSection(SolutionConfigurationPlatforms) = preSolution
		Debug|Any CPU = Debug|Any CPU
		Release|Any CPU = Release|Any CPU
	EndGlobalSection
	GlobalSection(ProjectConfigurationPlatforms) = postSolution
		{D95D41D5-9E69-494D-8BF9-993945DFC314}.Debug|Any CPU.ActiveCfg = Debug|Any CPU
		{D95D41D5-9E69-494D-8BF9-993945DFC314}.Debug|Any CPU.Build.0 = Debug|Any CPU
		{D95D41D5-9E69-494D-8BF9-993945DFC314}.Release|Any CPU.ActiveCfg = Release|Any CPU
		{D95D41D5-9E69-494D-8BF9-993945DFC314}.Release|Any CPU.Build.0 = Release|Any CPU
		{6BA20A8D-A84E-4EC2-AA3C-BD66FB477378}.Debug|Any CPU.ActiveCfg = Debug|Any CPU
		{6BA20A8D-A84E-4EC2-AA3C-BD66FB477378}.Debug|Any CPU.Build.0 = Debug|Any CPU
		{6BA20A8D-A84E-4EC2-AA3C-BD66FB477378}.Release|Any CPU.ActiveCfg = Release|Any CPU
		{6BA20A8D-A84E-4EC2-AA3C-BD66FB477378}.Release|Any CPU.Build.0 = Release|Any CPU
	EndGlobalSection
	GlobalSection(SolutionProperties) = preSolution
		HideSolutionNode = FALSE
	EndGlobalSection
	GlobalSection(ExtensibilityGlobals) = postSolution
		SolutionGuid = {8FF06201-8874-4D6E-9AC9-57C76D26791F}
	EndGlobalSection
EndGlobal
